
Microsoft Visual Studio Solution File, Format Version 12.00
# Visual Studio 15
VisualStudioVersion = 15.0.28010.2050
MinimumVisualStudioVersion = 10.0.40219.1
Project("{FAE04EC0-301F-11D3-BF4B-00C04F79EFBC}") = "P01RhombusOfStars", "P01RhombusOfStars\P01RhombusOfStars.csproj", "{0C43B7D5-CDB7-4346-9FF1-33AC6EF38249}"
EndProject
Project("{FAE04EC0-301F-11D3-BF4B-00C04F79EFBC}") = "P02PointInRectangle", "P02PointInRectangle\P02PointInRectangle.csproj", "{65E48B19-A81D-4E68-9A29-905BF99A4ED6}"
EndProject
Project("{FAE04EC0-301F-11D3-BF4B-00C04F79EFBC}") = "P03StudentSystem", "P03StudentSystem\P03StudentSystem.csproj", "{FB757699-123C-49D7-A937-B81081A6FEC5}"
EndProject
Project("{FAE04EC0-301F-11D3-BF4B-00C04F79EFBC}") = "P04HotelReservation", "P04HotelReservation\P04HotelReservation.csproj", "{A2386369-FDC1-471A-AA42-4B1B81D07E92}"
EndProject
Global
	GlobalSection(SolutionConfigurationPlatforms) = preSolution
		Debug|Any CPU = Debug|Any CPU
		Release|Any CPU = Release|Any CPU
	EndGlobalSection
	GlobalSection(ProjectConfigurationPlatforms) = postSolution
		{0C43B7D5-CDB7-4346-9FF1-33AC6EF38249}.Debug|Any CPU.ActiveCfg = Debug|Any CPU
		{0C43B7D5-CDB7-4346-9FF1-33AC6EF38249}.Debug|Any CPU.Build.0 = Debug|Any CPU
		{0C43B7D5-CDB7-4346-9FF1-33AC6EF38249}.Release|Any CPU.ActiveCfg = Release|Any CPU
		{0C43B7D5-CDB7-4346-9FF1-33AC6EF38249}.Release|Any CPU.Build.0 = Release|Any CPU
		{65E48B19-A81D-4E68-9A29-905BF99A4ED6}.Debug|Any CPU.ActiveCfg = Debug|Any CPU
		{65E48B19-A81D-4E68-9A29-905BF99A4ED6}.Debug|Any CPU.Build.0 = Debug|Any CPU
		{65E48B19-A81D-4E68-9A29-905BF99A4ED6}.Release|Any CPU.ActiveCfg = Release|Any CPU
		{65E48B19-A81D-4E68-9A29-905BF99A4ED6}.Release|Any CPU.Build.0 = Release|Any CPU
		{FB757699-123C-49D7-A937-B81081A6FEC5}.Debug|Any CPU.ActiveCfg = Debug|Any CPU
		{FB757699-123C-49D7-A937-B81081A6FEC5}.Debug|Any CPU.Build.0 = Debug|Any CPU
		{FB757699-123C-49D7-A937-B81081A6FEC5}.Release|Any CPU.ActiveCfg = Release|Any CPU
		{FB757699-123C-49D7-A937-B81081A6FEC5}.Release|Any CPU.Build.0 = Release|Any CPU
		{A2386369-FDC1-471A-AA42-4B1B81D07E92}.Debug|Any CPU.ActiveCfg = Debug|Any CPU
		{A2386369-FDC1-471A-AA42-4B1B81D07E92}.Debug|Any CPU.Build.0 = Debug|Any CPU
		{A2386369-FDC1-471A-AA42-4B1B81D07E92}.Release|Any CPU.ActiveCfg = Release|Any CPU
		{A2386369-FDC1-471A-AA42-4B1B81D07E92}.Release|Any CPU.Build.0 = Release|Any CPU
	EndGlobalSection
	GlobalSection(SolutionProperties) = preSolution
		HideSolutionNode = FALSE
	EndGlobalSection
	GlobalSection(ExtensibilityGlobals) = postSolution
		SolutionGuid = {F6B48E1C-A84B-4853-BB14-F77D423FDF9B}
	EndGlobalSection
EndGlobal
