
Microsoft Visual Studio Solution File, Format Version 12.00
# Visual Studio 15
VisualStudioVersion = 15.0.28307.539
MinimumVisualStudioVersion = 10.0.40219.1
Project("{9A19103F-16F7-4668-BE54-9A1E7A4F7556}") = "CarDealer", "CarDealer\CarDealer.csproj", "{C686B4F3-ACC5-4CF3-822B-D4AF6347810F}"
EndProject
Project("{9A19103F-16F7-4668-BE54-9A1E7A4F7556}") = "ProductShop", "ProductShop\ProductShop.csproj", "{C9F58766-2612-49D1-A21C-6F4CC50F316E}"
EndProject
Global
	GlobalSection(SolutionConfigurationPlatforms) = preSolution
		Debug|Any CPU = Debug|Any CPU
		Release|Any CPU = Release|Any CPU
	EndGlobalSection
	GlobalSection(ProjectConfigurationPlatforms) = postSolution
		{C686B4F3-ACC5-4CF3-822B-D4AF6347810F}.Debug|Any CPU.ActiveCfg = Debug|Any CPU
		{C686B4F3-ACC5-4CF3-822B-D4AF6347810F}.Debug|Any CPU.Build.0 = Debug|Any CPU
		{C686B4F3-ACC5-4CF3-822B-D4AF6347810F}.Release|Any CPU.ActiveCfg = Release|Any CPU
		{C686B4F3-ACC5-4CF3-822B-D4AF6347810F}.Release|Any CPU.Build.0 = Release|Any CPU
		{C9F58766-2612-49D1-A21C-6F4CC50F316E}.Debug|Any CPU.ActiveCfg = Debug|Any CPU
		{C9F58766-2612-49D1-A21C-6F4CC50F316E}.Debug|Any CPU.Build.0 = Debug|Any CPU
		{C9F58766-2612-49D1-A21C-6F4CC50F316E}.Release|Any CPU.ActiveCfg = Release|Any CPU
		{C9F58766-2612-49D1-A21C-6F4CC50F316E}.Release|Any CPU.Build.0 = Release|Any CPU
	EndGlobalSection
	GlobalSection(SolutionProperties) = preSolution
		HideSolutionNode = FALSE
	EndGlobalSection
	GlobalSection(ExtensibilityGlobals) = postSolution
		SolutionGuid = {2ED34593-487C-4F07-B27C-CE411EBFD479}
	EndGlobalSection
EndGlobal
