
Microsoft Visual Studio Solution File, Format Version 12.00
# Visual Studio 15
VisualStudioVersion = 15.0.27130.2010
MinimumVisualStudioVersion = 10.0.40219.1
Project("{FAE04EC0-301F-11D3-BF4B-00C04F79EFBC}") = "01. Numbers 1-N with Step 3", "01. Numbers 1-N with Step 3\01. Numbers 1-N with Step 3.csproj", "{60EA6031-41F9-42B0-8153-B3739A18C5AF}"
EndProject
Project("{FAE04EC0-301F-11D3-BF4B-00C04F79EFBC}") = "02. Numbers N-1", "02. Numbers N-1\02. Numbers N-1.csproj", "{8C801437-A9B3-472D-9E16-CBB2C48B2A1B}"
EndProject
Project("{FAE04EC0-301F-11D3-BF4B-00C04F79EFBC}") = "03. Powers of Two", "03. Powers of Two\03. Powers of Two.csproj", "{E8B4B4ED-D4BE-4D67-875A-172543B70207}"
EndProject
Project("{FAE04EC0-301F-11D3-BF4B-00C04F79EFBC}") = "04. Even Powers of 2", "04. Even Powers of 2\04. Even Powers of 2.csproj", "{746BE279-7671-4CDB-B4F8-B3DF369C1AAF}"
EndProject
Project("{FAE04EC0-301F-11D3-BF4B-00C04F79EFBC}") = "05. Sequence 2k+1", "05. Sequence 2k+1\05. Sequence 2k+1.csproj", "{F2EDA157-ED03-4F25-B87F-563BEE73F43E}"
EndProject
Project("{FAE04EC0-301F-11D3-BF4B-00C04F79EFBC}") = "06. Number in Range [1---100]", "06. Number in Range [1---100]\06. Number in Range [1---100].csproj", "{642A1E27-9654-4CE7-80CF-D2ED59F2A893}"
EndProject
Project("{FAE04EC0-301F-11D3-BF4B-00C04F79EFBC}") = "07. Greatest Common Divisor (CGD)", "07. Greatest Common Divisor (CGD)\07. Greatest Common Divisor (CGD).csproj", "{C7605BB2-B58C-47F3-B1DF-CE68D531AB1B}"
EndProject
Global
	GlobalSection(SolutionConfigurationPlatforms) = preSolution
		Debug|Any CPU = Debug|Any CPU
		Release|Any CPU = Release|Any CPU
	EndGlobalSection
	GlobalSection(ProjectConfigurationPlatforms) = postSolution
		{60EA6031-41F9-42B0-8153-B3739A18C5AF}.Debug|Any CPU.ActiveCfg = Debug|Any CPU
		{60EA6031-41F9-42B0-8153-B3739A18C5AF}.Debug|Any CPU.Build.0 = Debug|Any CPU
		{60EA6031-41F9-42B0-8153-B3739A18C5AF}.Release|Any CPU.ActiveCfg = Release|Any CPU
		{60EA6031-41F9-42B0-8153-B3739A18C5AF}.Release|Any CPU.Build.0 = Release|Any CPU
		{8C801437-A9B3-472D-9E16-CBB2C48B2A1B}.Debug|Any CPU.ActiveCfg = Debug|Any CPU
		{8C801437-A9B3-472D-9E16-CBB2C48B2A1B}.Debug|Any CPU.Build.0 = Debug|Any CPU
		{8C801437-A9B3-472D-9E16-CBB2C48B2A1B}.Release|Any CPU.ActiveCfg = Release|Any CPU
		{8C801437-A9B3-472D-9E16-CBB2C48B2A1B}.Release|Any CPU.Build.0 = Release|Any CPU
		{E8B4B4ED-D4BE-4D67-875A-172543B70207}.Debug|Any CPU.ActiveCfg = Debug|Any CPU
		{E8B4B4ED-D4BE-4D67-875A-172543B70207}.Debug|Any CPU.Build.0 = Debug|Any CPU
		{E8B4B4ED-D4BE-4D67-875A-172543B70207}.Release|Any CPU.ActiveCfg = Release|Any CPU
		{E8B4B4ED-D4BE-4D67-875A-172543B70207}.Release|Any CPU.Build.0 = Release|Any CPU
		{746BE279-7671-4CDB-B4F8-B3DF369C1AAF}.Debug|Any CPU.ActiveCfg = Debug|Any CPU
		{746BE279-7671-4CDB-B4F8-B3DF369C1AAF}.Debug|Any CPU.Build.0 = Debug|Any CPU
		{746BE279-7671-4CDB-B4F8-B3DF369C1AAF}.Release|Any CPU.ActiveCfg = Release|Any CPU
		{746BE279-7671-4CDB-B4F8-B3DF369C1AAF}.Release|Any CPU.Build.0 = Release|Any CPU
		{F2EDA157-ED03-4F25-B87F-563BEE73F43E}.Debug|Any CPU.ActiveCfg = Debug|Any CPU
		{F2EDA157-ED03-4F25-B87F-563BEE73F43E}.Debug|Any CPU.Build.0 = Debug|Any CPU
		{F2EDA157-ED03-4F25-B87F-563BEE73F43E}.Release|Any CPU.ActiveCfg = Release|Any CPU
		{F2EDA157-ED03-4F25-B87F-563BEE73F43E}.Release|Any CPU.Build.0 = Release|Any CPU
		{642A1E27-9654-4CE7-80CF-D2ED59F2A893}.Debug|Any CPU.ActiveCfg = Debug|Any CPU
		{642A1E27-9654-4CE7-80CF-D2ED59F2A893}.Debug|Any CPU.Build.0 = Debug|Any CPU
		{642A1E27-9654-4CE7-80CF-D2ED59F2A893}.Release|Any CPU.ActiveCfg = Release|Any CPU
		{642A1E27-9654-4CE7-80CF-D2ED59F2A893}.Release|Any CPU.Build.0 = Release|Any CPU
		{C7605BB2-B58C-47F3-B1DF-CE68D531AB1B}.Debug|Any CPU.ActiveCfg = Debug|Any CPU
		{C7605BB2-B58C-47F3-B1DF-CE68D531AB1B}.Debug|Any CPU.Build.0 = Debug|Any CPU
		{C7605BB2-B58C-47F3-B1DF-CE68D531AB1B}.Release|Any CPU.ActiveCfg = Release|Any CPU
		{C7605BB2-B58C-47F3-B1DF-CE68D531AB1B}.Release|Any CPU.Build.0 = Release|Any CPU
	EndGlobalSection
	GlobalSection(SolutionProperties) = preSolution
		HideSolutionNode = FALSE
	EndGlobalSection
	GlobalSection(ExtensibilityGlobals) = postSolution
		SolutionGuid = {8D20D5D8-B7E8-4E44-8CB7-253EE7FCB2EE}
	EndGlobalSection
EndGlobal
