
Microsoft Visual Studio Solution File, Format Version 12.00
# Visual Studio 15
VisualStudioVersion = 15.0.28307.168
MinimumVisualStudioVersion = 10.0.40219.1
Project("{FAE04EC0-301F-11D3-BF4B-00C04F79EFBC}") = "P01PadawanEquipment", "P01PadawanEquipment\P01PadawanEquipment.csproj", "{397312FA-A1E4-4002-A94B-095565BC30B0}"
EndProject
Project("{FAE04EC0-301F-11D3-BF4B-00C04F79EFBC}") = "P02KaminoFactory", "P02KaminoFactory\P02KaminoFactory.csproj", "{AD7052B8-3F29-4C75-90EE-AF49C2D6CB1F}"
EndProject
Project("{FAE04EC0-301F-11D3-BF4B-00C04F79EFBC}") = "P03StarEnigma", "P03StarEnigma\P03StarEnigma.csproj", "{99DC6DF9-E4A7-42FE-8437-317F4DDDBC4B}"
EndProject
Project("{FAE04EC0-301F-11D3-BF4B-00C04F79EFBC}") = "P04ForceBook", "P04ForceBook\P04ForceBook.csproj", "{D492A093-A845-4A44-B660-1ABC9BE4377B}"
EndProject
Global
	GlobalSection(SolutionConfigurationPlatforms) = preSolution
		Debug|Any CPU = Debug|Any CPU
		Release|Any CPU = Release|Any CPU
	EndGlobalSection
	GlobalSection(ProjectConfigurationPlatforms) = postSolution
		{397312FA-A1E4-4002-A94B-095565BC30B0}.Debug|Any CPU.ActiveCfg = Debug|Any CPU
		{397312FA-A1E4-4002-A94B-095565BC30B0}.Debug|Any CPU.Build.0 = Debug|Any CPU
		{397312FA-A1E4-4002-A94B-095565BC30B0}.Release|Any CPU.ActiveCfg = Release|Any CPU
		{397312FA-A1E4-4002-A94B-095565BC30B0}.Release|Any CPU.Build.0 = Release|Any CPU
		{AD7052B8-3F29-4C75-90EE-AF49C2D6CB1F}.Debug|Any CPU.ActiveCfg = Debug|Any CPU
		{AD7052B8-3F29-4C75-90EE-AF49C2D6CB1F}.Debug|Any CPU.Build.0 = Debug|Any CPU
		{AD7052B8-3F29-4C75-90EE-AF49C2D6CB1F}.Release|Any CPU.ActiveCfg = Release|Any CPU
		{AD7052B8-3F29-4C75-90EE-AF49C2D6CB1F}.Release|Any CPU.Build.0 = Release|Any CPU
		{99DC6DF9-E4A7-42FE-8437-317F4DDDBC4B}.Debug|Any CPU.ActiveCfg = Debug|Any CPU
		{99DC6DF9-E4A7-42FE-8437-317F4DDDBC4B}.Debug|Any CPU.Build.0 = Debug|Any CPU
		{99DC6DF9-E4A7-42FE-8437-317F4DDDBC4B}.Release|Any CPU.ActiveCfg = Release|Any CPU
		{99DC6DF9-E4A7-42FE-8437-317F4DDDBC4B}.Release|Any CPU.Build.0 = Release|Any CPU
		{D492A093-A845-4A44-B660-1ABC9BE4377B}.Debug|Any CPU.ActiveCfg = Debug|Any CPU
		{D492A093-A845-4A44-B660-1ABC9BE4377B}.Debug|Any CPU.Build.0 = Debug|Any CPU
		{D492A093-A845-4A44-B660-1ABC9BE4377B}.Release|Any CPU.ActiveCfg = Release|Any CPU
		{D492A093-A845-4A44-B660-1ABC9BE4377B}.Release|Any CPU.Build.0 = Release|Any CPU
	EndGlobalSection
	GlobalSection(SolutionProperties) = preSolution
		HideSolutionNode = FALSE
	EndGlobalSection
	GlobalSection(ExtensibilityGlobals) = postSolution
		SolutionGuid = {EB2CFA2E-4E01-42B0-9FFF-00F8B9EB1475}
	EndGlobalSection
EndGlobal
