
Microsoft Visual Studio Solution File, Format Version 12.00
# Visual Studio 15
VisualStudioVersion = 15.0.28010.2036
MinimumVisualStudioVersion = 10.0.40219.1
Project("{FAE04EC0-301F-11D3-BF4B-00C04F79EFBC}") = "01. Unique Usernames", "01. Unique Usernames\01. Unique Usernames.csproj", "{C4B3FB46-D6F7-4171-85FF-57F4A3C9DB6B}"
EndProject
Project("{FAE04EC0-301F-11D3-BF4B-00C04F79EFBC}") = "02. Sets of Elements", "02. Sets of Elements\02. Sets of Elements.csproj", "{6989C08C-A9C1-4B9B-93DB-DBB5BAB6B281}"
EndProject
Project("{FAE04EC0-301F-11D3-BF4B-00C04F79EFBC}") = "03. Periodic Table", "03. Periodic Table\03. Periodic Table.csproj", "{5A4011C6-3485-42AB-88D1-554A2BFC69AC}"
EndProject
Project("{FAE04EC0-301F-11D3-BF4B-00C04F79EFBC}") = "04. Even Times", "04. Even Times\04. Even Times.csproj", "{8CDCE278-D441-4CAB-8C2D-7AB359D2047A}"
EndProject
Project("{FAE04EC0-301F-11D3-BF4B-00C04F79EFBC}") = "05. Count Symbols", "05. Count Symbols\05. Count Symbols.csproj", "{9CA4D83D-6C0C-43FC-85ED-94D9AD21306E}"
EndProject
Project("{FAE04EC0-301F-11D3-BF4B-00C04F79EFBC}") = "06. Wardrobe", "06. Wardrobe\06. Wardrobe.csproj", "{C13A9643-7B9D-47BE-BA13-C0AF0080549F}"
EndProject
Project("{FAE04EC0-301F-11D3-BF4B-00C04F79EFBC}") = "07. The V Logger", "07. The V Logger\07. The V Logger.csproj", "{F8A13E5D-160F-40F8-BA72-0F128A3D363C}"
EndProject
Project("{FAE04EC0-301F-11D3-BF4B-00C04F79EFBC}") = "08. Ranking", "08. Ranking\08. Ranking.csproj", "{32614802-891A-4575-8F8A-4B3501D398C9}"
EndProject
Global
	GlobalSection(SolutionConfigurationPlatforms) = preSolution
		Debug|Any CPU = Debug|Any CPU
		Release|Any CPU = Release|Any CPU
	EndGlobalSection
	GlobalSection(ProjectConfigurationPlatforms) = postSolution
		{C4B3FB46-D6F7-4171-85FF-57F4A3C9DB6B}.Debug|Any CPU.ActiveCfg = Debug|Any CPU
		{C4B3FB46-D6F7-4171-85FF-57F4A3C9DB6B}.Debug|Any CPU.Build.0 = Debug|Any CPU
		{C4B3FB46-D6F7-4171-85FF-57F4A3C9DB6B}.Release|Any CPU.ActiveCfg = Release|Any CPU
		{C4B3FB46-D6F7-4171-85FF-57F4A3C9DB6B}.Release|Any CPU.Build.0 = Release|Any CPU
		{6989C08C-A9C1-4B9B-93DB-DBB5BAB6B281}.Debug|Any CPU.ActiveCfg = Debug|Any CPU
		{6989C08C-A9C1-4B9B-93DB-DBB5BAB6B281}.Debug|Any CPU.Build.0 = Debug|Any CPU
		{6989C08C-A9C1-4B9B-93DB-DBB5BAB6B281}.Release|Any CPU.ActiveCfg = Release|Any CPU
		{6989C08C-A9C1-4B9B-93DB-DBB5BAB6B281}.Release|Any CPU.Build.0 = Release|Any CPU
		{5A4011C6-3485-42AB-88D1-554A2BFC69AC}.Debug|Any CPU.ActiveCfg = Debug|Any CPU
		{5A4011C6-3485-42AB-88D1-554A2BFC69AC}.Debug|Any CPU.Build.0 = Debug|Any CPU
		{5A4011C6-3485-42AB-88D1-554A2BFC69AC}.Release|Any CPU.ActiveCfg = Release|Any CPU
		{5A4011C6-3485-42AB-88D1-554A2BFC69AC}.Release|Any CPU.Build.0 = Release|Any CPU
		{8CDCE278-D441-4CAB-8C2D-7AB359D2047A}.Debug|Any CPU.ActiveCfg = Debug|Any CPU
		{8CDCE278-D441-4CAB-8C2D-7AB359D2047A}.Debug|Any CPU.Build.0 = Debug|Any CPU
		{8CDCE278-D441-4CAB-8C2D-7AB359D2047A}.Release|Any CPU.ActiveCfg = Release|Any CPU
		{8CDCE278-D441-4CAB-8C2D-7AB359D2047A}.Release|Any CPU.Build.0 = Release|Any CPU
		{9CA4D83D-6C0C-43FC-85ED-94D9AD21306E}.Debug|Any CPU.ActiveCfg = Debug|Any CPU
		{9CA4D83D-6C0C-43FC-85ED-94D9AD21306E}.Debug|Any CPU.Build.0 = Debug|Any CPU
		{9CA4D83D-6C0C-43FC-85ED-94D9AD21306E}.Release|Any CPU.ActiveCfg = Release|Any CPU
		{9CA4D83D-6C0C-43FC-85ED-94D9AD21306E}.Release|Any CPU.Build.0 = Release|Any CPU
		{C13A9643-7B9D-47BE-BA13-C0AF0080549F}.Debug|Any CPU.ActiveCfg = Debug|Any CPU
		{C13A9643-7B9D-47BE-BA13-C0AF0080549F}.Debug|Any CPU.Build.0 = Debug|Any CPU
		{C13A9643-7B9D-47BE-BA13-C0AF0080549F}.Release|Any CPU.ActiveCfg = Release|Any CPU
		{C13A9643-7B9D-47BE-BA13-C0AF0080549F}.Release|Any CPU.Build.0 = Release|Any CPU
		{F8A13E5D-160F-40F8-BA72-0F128A3D363C}.Debug|Any CPU.ActiveCfg = Debug|Any CPU
		{F8A13E5D-160F-40F8-BA72-0F128A3D363C}.Debug|Any CPU.Build.0 = Debug|Any CPU
		{F8A13E5D-160F-40F8-BA72-0F128A3D363C}.Release|Any CPU.ActiveCfg = Release|Any CPU
		{F8A13E5D-160F-40F8-BA72-0F128A3D363C}.Release|Any CPU.Build.0 = Release|Any CPU
		{32614802-891A-4575-8F8A-4B3501D398C9}.Debug|Any CPU.ActiveCfg = Debug|Any CPU
		{32614802-891A-4575-8F8A-4B3501D398C9}.Debug|Any CPU.Build.0 = Debug|Any CPU
		{32614802-891A-4575-8F8A-4B3501D398C9}.Release|Any CPU.ActiveCfg = Release|Any CPU
		{32614802-891A-4575-8F8A-4B3501D398C9}.Release|Any CPU.Build.0 = Release|Any CPU
	EndGlobalSection
	GlobalSection(SolutionProperties) = preSolution
		HideSolutionNode = FALSE
	EndGlobalSection
	GlobalSection(ExtensibilityGlobals) = postSolution
		SolutionGuid = {9C6F4E55-02A1-44B0-8ADA-3011D04DEA40}
	EndGlobalSection
EndGlobal
