
Microsoft Visual Studio Solution File, Format Version 12.00
# Visual Studio 15
VisualStudioVersion = 15.0.27004.2009
MinimumVisualStudioVersion = 10.0.40219.1
Project("{FAE04EC0-301F-11D3-BF4B-00C04F79EFBC}") = "Vegetable Market", "ConsoleApp3\Vegetable Market.csproj", "{A57C24CE-FF31-4C71-9989-220B2E57EFBE}"
EndProject
Project("{FAE04EC0-301F-11D3-BF4B-00C04F79EFBC}") = "Change Tiles", "Change Tiles\Change Tiles.csproj", "{C4B65A5E-E483-46EE-A05A-F5E6834D2F14}"
EndProject
Project("{FAE04EC0-301F-11D3-BF4B-00C04F79EFBC}") = "Money", "Money\Money.csproj", "{1C480AA8-DC0E-402D-9CFE-E02B880F521B}"
EndProject
Project("{FAE04EC0-301F-11D3-BF4B-00C04F79EFBC}") = "Daily Earnings", "Daily Earnings\Daily Earnings.csproj", "{BF78B06B-1D17-4FA9-B7A8-401D772BB59B}"
EndProject
Global
	GlobalSection(SolutionConfigurationPlatforms) = preSolution
		Debug|Any CPU = Debug|Any CPU
		Release|Any CPU = Release|Any CPU
	EndGlobalSection
	GlobalSection(ProjectConfigurationPlatforms) = postSolution
		{A57C24CE-FF31-4C71-9989-220B2E57EFBE}.Debug|Any CPU.ActiveCfg = Debug|Any CPU
		{A57C24CE-FF31-4C71-9989-220B2E57EFBE}.Debug|Any CPU.Build.0 = Debug|Any CPU
		{A57C24CE-FF31-4C71-9989-220B2E57EFBE}.Release|Any CPU.ActiveCfg = Release|Any CPU
		{A57C24CE-FF31-4C71-9989-220B2E57EFBE}.Release|Any CPU.Build.0 = Release|Any CPU
		{C4B65A5E-E483-46EE-A05A-F5E6834D2F14}.Debug|Any CPU.ActiveCfg = Debug|Any CPU
		{C4B65A5E-E483-46EE-A05A-F5E6834D2F14}.Debug|Any CPU.Build.0 = Debug|Any CPU
		{C4B65A5E-E483-46EE-A05A-F5E6834D2F14}.Release|Any CPU.ActiveCfg = Release|Any CPU
		{C4B65A5E-E483-46EE-A05A-F5E6834D2F14}.Release|Any CPU.Build.0 = Release|Any CPU
		{1C480AA8-DC0E-402D-9CFE-E02B880F521B}.Debug|Any CPU.ActiveCfg = Debug|Any CPU
		{1C480AA8-DC0E-402D-9CFE-E02B880F521B}.Debug|Any CPU.Build.0 = Debug|Any CPU
		{1C480AA8-DC0E-402D-9CFE-E02B880F521B}.Release|Any CPU.ActiveCfg = Release|Any CPU
		{1C480AA8-DC0E-402D-9CFE-E02B880F521B}.Release|Any CPU.Build.0 = Release|Any CPU
		{BF78B06B-1D17-4FA9-B7A8-401D772BB59B}.Debug|Any CPU.ActiveCfg = Debug|Any CPU
		{BF78B06B-1D17-4FA9-B7A8-401D772BB59B}.Debug|Any CPU.Build.0 = Debug|Any CPU
		{BF78B06B-1D17-4FA9-B7A8-401D772BB59B}.Release|Any CPU.ActiveCfg = Release|Any CPU
		{BF78B06B-1D17-4FA9-B7A8-401D772BB59B}.Release|Any CPU.Build.0 = Release|Any CPU
	EndGlobalSection
	GlobalSection(SolutionProperties) = preSolution
		HideSolutionNode = FALSE
	EndGlobalSection
	GlobalSection(ExtensibilityGlobals) = postSolution
		SolutionGuid = {3BB09EF9-3033-4DDF-B9A0-A8F626830870}
	EndGlobalSection
EndGlobal
