
Microsoft Visual Studio Solution File, Format Version 12.00
# Visual Studio Version 16
VisualStudioVersion = 16.0.28803.202
MinimumVisualStudioVersion = 10.0.40219.1
Project("{FAE04EC0-301F-11D3-BF4B-00C04F79EFBC}") = "SoftUniHttpServer", "SoftUniHttpServer\SoftUniHttpServer.csproj", "{84163C3F-B0E6-4A01-8A71-76367517A98D}"
EndProject
Global
	GlobalSection(SolutionConfigurationPlatforms) = preSolution
		Debug|Any CPU = Debug|Any CPU
		Release|Any CPU = Release|Any CPU
	EndGlobalSection
	GlobalSection(ProjectConfigurationPlatforms) = postSolution
		{84163C3F-B0E6-4A01-8A71-76367517A98D}.Debug|Any CPU.ActiveCfg = Debug|Any CPU
		{84163C3F-B0E6-4A01-8A71-76367517A98D}.Debug|Any CPU.Build.0 = Debug|Any CPU
		{84163C3F-B0E6-4A01-8A71-76367517A98D}.Release|Any CPU.ActiveCfg = Release|Any CPU
		{84163C3F-B0E6-4A01-8A71-76367517A98D}.Release|Any CPU.Build.0 = Release|Any CPU
	EndGlobalSection
	GlobalSection(SolutionProperties) = preSolution
		HideSolutionNode = FALSE
	EndGlobalSection
	GlobalSection(ExtensibilityGlobals) = postSolution
		SolutionGuid = {0DB575B8-1D03-4DBC-9803-03BFF1D1775A}
	EndGlobalSection
EndGlobal
