
Microsoft Visual Studio Solution File, Format Version 12.00
# Visual Studio Version 16
VisualStudioVersion = 16.0.28803.352
MinimumVisualStudioVersion = 10.0.40219.1
Project("{FAE04EC0-301F-11D3-BF4B-00C04F79EFBC}") = "SIS.HTTP", "SIS.HTTP\SIS.HTTP.csproj", "{EF9469CF-2608-49A1-8173-45801683016A}"
EndProject
Project("{FAE04EC0-301F-11D3-BF4B-00C04F79EFBC}") = "SIS.WebServer", "SIS.WebServer\SIS.WebServer.csproj", "{FB132B5A-FA7D-47E6-8254-876996FB8703}"
EndProject
Global
	GlobalSection(SolutionConfigurationPlatforms) = preSolution
		Debug|Any CPU = Debug|Any CPU
		Release|Any CPU = Release|Any CPU
	EndGlobalSection
	GlobalSection(ProjectConfigurationPlatforms) = postSolution
		{EF9469CF-2608-49A1-8173-45801683016A}.Debug|Any CPU.ActiveCfg = Debug|Any CPU
		{EF9469CF-2608-49A1-8173-45801683016A}.Debug|Any CPU.Build.0 = Debug|Any CPU
		{EF9469CF-2608-49A1-8173-45801683016A}.Release|Any CPU.ActiveCfg = Release|Any CPU
		{EF9469CF-2608-49A1-8173-45801683016A}.Release|Any CPU.Build.0 = Release|Any CPU
		{FB132B5A-FA7D-47E6-8254-876996FB8703}.Debug|Any CPU.ActiveCfg = Debug|Any CPU
		{FB132B5A-FA7D-47E6-8254-876996FB8703}.Debug|Any CPU.Build.0 = Debug|Any CPU
		{FB132B5A-FA7D-47E6-8254-876996FB8703}.Release|Any CPU.ActiveCfg = Release|Any CPU
		{FB132B5A-FA7D-47E6-8254-876996FB8703}.Release|Any CPU.Build.0 = Release|Any CPU
	EndGlobalSection
	GlobalSection(SolutionProperties) = preSolution
		HideSolutionNode = FALSE
	EndGlobalSection
	GlobalSection(ExtensibilityGlobals) = postSolution
		SolutionGuid = {FE3D141D-DF7F-4DE9-B006-2BA28348176A}
	EndGlobalSection
EndGlobal
