
Microsoft Visual Studio Solution File, Format Version 12.00
# Visual Studio 15
VisualStudioVersion = 15.0.28010.2016
MinimumVisualStudioVersion = 10.0.40219.1
Project("{FAE04EC0-301F-11D3-BF4B-00C04F79EFBC}") = "01. Reverse Strings", "01. Reverse Strings\01. Reverse Strings.csproj", "{D99F6F18-C29C-4CAA-AC97-D2C81E255CA5}"
EndProject
Project("{FAE04EC0-301F-11D3-BF4B-00C04F79EFBC}") = "02. Simple Calculator", "02. Simple Calculator\02. Simple Calculator.csproj", "{A67656A4-B162-496B-81EA-C8C78B5DAE31}"
EndProject
Global
	GlobalSection(SolutionConfigurationPlatforms) = preSolution
		Debug|Any CPU = Debug|Any CPU
		Release|Any CPU = Release|Any CPU
	EndGlobalSection
	GlobalSection(ProjectConfigurationPlatforms) = postSolution
		{D99F6F18-C29C-4CAA-AC97-D2C81E255CA5}.Debug|Any CPU.ActiveCfg = Debug|Any CPU
		{D99F6F18-C29C-4CAA-AC97-D2C81E255CA5}.Debug|Any CPU.Build.0 = Debug|Any CPU
		{D99F6F18-C29C-4CAA-AC97-D2C81E255CA5}.Release|Any CPU.ActiveCfg = Release|Any CPU
		{D99F6F18-C29C-4CAA-AC97-D2C81E255CA5}.Release|Any CPU.Build.0 = Release|Any CPU
		{A67656A4-B162-496B-81EA-C8C78B5DAE31}.Debug|Any CPU.ActiveCfg = Debug|Any CPU
		{A67656A4-B162-496B-81EA-C8C78B5DAE31}.Debug|Any CPU.Build.0 = Debug|Any CPU
		{A67656A4-B162-496B-81EA-C8C78B5DAE31}.Release|Any CPU.ActiveCfg = Release|Any CPU
		{A67656A4-B162-496B-81EA-C8C78B5DAE31}.Release|Any CPU.Build.0 = Release|Any CPU
	EndGlobalSection
	GlobalSection(SolutionProperties) = preSolution
		HideSolutionNode = FALSE
	EndGlobalSection
	GlobalSection(ExtensibilityGlobals) = postSolution
		SolutionGuid = {66B6B861-03FB-47BD-B3F0-77BA9CFD9A08}
	EndGlobalSection
EndGlobal
