
Microsoft Visual Studio Solution File, Format Version 12.00
# Visual Studio Version 16
VisualStudioVersion = 16.0.28803.202
MinimumVisualStudioVersion = 10.0.40219.1
Project("{FAE04EC0-301F-11D3-BF4B-00C04F79EFBC}") = "01. Distance Between Vertices", "01. Distance Between Vertices\01. Distance Between Vertices.csproj", "{667E54B8-48BD-4E30-807C-3FFA13D99B15}"
EndProject
Project("{FAE04EC0-301F-11D3-BF4B-00C04F79EFBC}") = "02. Areas in Matrix", "02. Areas in Matrix\02. Areas in Matrix.csproj", "{C41DBD1C-0243-4F5E-A895-C60E5BB27B72}"
EndProject
Project("{FAE04EC0-301F-11D3-BF4B-00C04F79EFBC}") = "03. Cycles in Graph", "03. Cycles in Graph\03. Cycles in Graph.csproj", "{CCCF5CA7-6B96-4AB8-BE08-583F7D6375B8}"
EndProject
Project("{FAE04EC0-301F-11D3-BF4B-00C04F79EFBC}") = "04. Salaries", "04. Salaries\04. Salaries.csproj", "{A78E18A2-0BC6-46F1-A154-89A329E19DFE}"
EndProject
Project("{FAE04EC0-301F-11D3-BF4B-00C04F79EFBC}") = "05. Break Cycles", "05. Break Cycles\05. Break Cycles.csproj", "{ED34F31F-76FC-46FB-96BA-A4F46BA353F5}"
EndProject
Global
	GlobalSection(SolutionConfigurationPlatforms) = preSolution
		Debug|Any CPU = Debug|Any CPU
		Release|Any CPU = Release|Any CPU
	EndGlobalSection
	GlobalSection(ProjectConfigurationPlatforms) = postSolution
		{667E54B8-48BD-4E30-807C-3FFA13D99B15}.Debug|Any CPU.ActiveCfg = Debug|Any CPU
		{667E54B8-48BD-4E30-807C-3FFA13D99B15}.Debug|Any CPU.Build.0 = Debug|Any CPU
		{667E54B8-48BD-4E30-807C-3FFA13D99B15}.Release|Any CPU.ActiveCfg = Release|Any CPU
		{667E54B8-48BD-4E30-807C-3FFA13D99B15}.Release|Any CPU.Build.0 = Release|Any CPU
		{C41DBD1C-0243-4F5E-A895-C60E5BB27B72}.Debug|Any CPU.ActiveCfg = Debug|Any CPU
		{C41DBD1C-0243-4F5E-A895-C60E5BB27B72}.Debug|Any CPU.Build.0 = Debug|Any CPU
		{C41DBD1C-0243-4F5E-A895-C60E5BB27B72}.Release|Any CPU.ActiveCfg = Release|Any CPU
		{C41DBD1C-0243-4F5E-A895-C60E5BB27B72}.Release|Any CPU.Build.0 = Release|Any CPU
		{CCCF5CA7-6B96-4AB8-BE08-583F7D6375B8}.Debug|Any CPU.ActiveCfg = Debug|Any CPU
		{CCCF5CA7-6B96-4AB8-BE08-583F7D6375B8}.Debug|Any CPU.Build.0 = Debug|Any CPU
		{CCCF5CA7-6B96-4AB8-BE08-583F7D6375B8}.Release|Any CPU.ActiveCfg = Release|Any CPU
		{CCCF5CA7-6B96-4AB8-BE08-583F7D6375B8}.Release|Any CPU.Build.0 = Release|Any CPU
		{A78E18A2-0BC6-46F1-A154-89A329E19DFE}.Debug|Any CPU.ActiveCfg = Debug|Any CPU
		{A78E18A2-0BC6-46F1-A154-89A329E19DFE}.Debug|Any CPU.Build.0 = Debug|Any CPU
		{A78E18A2-0BC6-46F1-A154-89A329E19DFE}.Release|Any CPU.ActiveCfg = Release|Any CPU
		{A78E18A2-0BC6-46F1-A154-89A329E19DFE}.Release|Any CPU.Build.0 = Release|Any CPU
		{ED34F31F-76FC-46FB-96BA-A4F46BA353F5}.Debug|Any CPU.ActiveCfg = Debug|Any CPU
		{ED34F31F-76FC-46FB-96BA-A4F46BA353F5}.Debug|Any CPU.Build.0 = Debug|Any CPU
		{ED34F31F-76FC-46FB-96BA-A4F46BA353F5}.Release|Any CPU.ActiveCfg = Release|Any CPU
		{ED34F31F-76FC-46FB-96BA-A4F46BA353F5}.Release|Any CPU.Build.0 = Release|Any CPU
	EndGlobalSection
	GlobalSection(SolutionProperties) = preSolution
		HideSolutionNode = FALSE
	EndGlobalSection
	GlobalSection(ExtensibilityGlobals) = postSolution
		SolutionGuid = {95F9FFE9-5E04-4B53-95A6-07ADDA672591}
	EndGlobalSection
EndGlobal
