
Microsoft Visual Studio Solution File, Format Version 12.00
# Visual Studio 15
VisualStudioVersion = 15.0.26730.16
MinimumVisualStudioVersion = 10.0.40219.1
Project("{FAE04EC0-301F-11D3-BF4B-00C04F79EFBC}") = "Nums1To20", "Nums1To20\Nums1To20.csproj", "{65770249-CA83-4E34-B1D4-002CCA8E5366}"
EndProject
Global
	GlobalSection(SolutionConfigurationPlatforms) = preSolution
		Debug|Any CPU = Debug|Any CPU
		Release|Any CPU = Release|Any CPU
	EndGlobalSection
	GlobalSection(ProjectConfigurationPlatforms) = postSolution
		{65770249-CA83-4E34-B1D4-002CCA8E5366}.Debug|Any CPU.ActiveCfg = Debug|Any CPU
		{65770249-CA83-4E34-B1D4-002CCA8E5366}.Debug|Any CPU.Build.0 = Debug|Any CPU
		{65770249-CA83-4E34-B1D4-002CCA8E5366}.Release|Any CPU.ActiveCfg = Release|Any CPU
		{65770249-CA83-4E34-B1D4-002CCA8E5366}.Release|Any CPU.Build.0 = Release|Any CPU
	EndGlobalSection
	GlobalSection(SolutionProperties) = preSolution
		HideSolutionNode = FALSE
	EndGlobalSection
	GlobalSection(ExtensibilityGlobals) = postSolution
		SolutionGuid = {23D910A4-BC56-4285-B0ED-6C9CBA7D9DA9}
	EndGlobalSection
EndGlobal
