
Microsoft Visual Studio Solution File, Format Version 12.00
# Visual Studio 15
VisualStudioVersion = 15.0.28307.106
MinimumVisualStudioVersion = 10.0.40219.1
Project("{9A19103F-16F7-4668-BE54-9A1E7A4F7556}") = "P01GenericBoxOfString", "P01GenericBoxOfString\P01GenericBoxOfString.csproj", "{887CC8DA-C63C-4A1C-BB4E-52F923C264B9}"
EndProject
Project("{9A19103F-16F7-4668-BE54-9A1E7A4F7556}") = "P00GenericBox", "P00GenericBox\P00GenericBox.csproj", "{2BC57E5D-6269-4583-8DE3-D8C95EAB92F6}"
EndProject
Project("{9A19103F-16F7-4668-BE54-9A1E7A4F7556}") = "P02GenericBoxOfInteger", "P02GenericBoxOfInteger\P02GenericBoxOfInteger.csproj", "{39DC3165-09AA-4251-9831-55F0F59D0AD2}"
EndProject
Project("{9A19103F-16F7-4668-BE54-9A1E7A4F7556}") = "P03GenericSwapMethodString", "P03GenericSwapMethodString\P03GenericSwapMethodString.csproj", "{CA4C0BF3-B03F-4386-AA73-40EBAEB09E7C}"
EndProject
Project("{9A19103F-16F7-4668-BE54-9A1E7A4F7556}") = "P04GenericSwapMethodInteger", "P04GenericSwapMethodInteger\P04GenericSwapMethodInteger.csproj", "{455D7710-CD63-4E2E-8264-98A900D796FC}"
EndProject
Project("{9A19103F-16F7-4668-BE54-9A1E7A4F7556}") = "P05GenericCountMethodString", "P05GenericCountMethodString\P05GenericCountMethodString.csproj", "{D1DF0AD5-0664-4F32-A85D-9BF2D0B461EE}"
EndProject
Project("{9A19103F-16F7-4668-BE54-9A1E7A4F7556}") = "P06GenericCountMethodDouble", "P06GenericCountMethodDouble\P06GenericCountMethodDouble.csproj", "{C68B5D5C-8855-4794-B21E-764453953DC0}"
EndProject
Project("{FAE04EC0-301F-11D3-BF4B-00C04F79EFBC}") = "P07CustomList", "P07CustomList\P07CustomList.csproj", "{C0D6EE1E-D7EA-439E-BC01-101475369B30}"
EndProject
Project("{FAE04EC0-301F-11D3-BF4B-00C04F79EFBC}") = "P08CustomListSorter", "P08CustomListSorter\P08CustomListSorter.csproj", "{FFB24374-D85C-40A9-8470-1312C66122DC}"
EndProject
Project("{FAE04EC0-301F-11D3-BF4B-00C04F79EFBC}") = "P09CustomListIterator", "P09CustomListIterator\P09CustomListIterator.csproj", "{560A6BDB-4539-47F3-AC33-B42DBBDD39AF}"
EndProject
Project("{FAE04EC0-301F-11D3-BF4B-00C04F79EFBC}") = "P10Tuple", "P10Tuple\P10Tuple.csproj", "{3DCF9111-4F46-473A-B69C-63960324F4C1}"
EndProject
Project("{FAE04EC0-301F-11D3-BF4B-00C04F79EFBC}") = "P11Threeuple", "P11Threeuple\P11Threeuple.csproj", "{FE9AD7C9-F618-4BB9-BFBC-86D35548B143}"
EndProject
Global
	GlobalSection(SolutionConfigurationPlatforms) = preSolution
		Debug|Any CPU = Debug|Any CPU
		Release|Any CPU = Release|Any CPU
	EndGlobalSection
	GlobalSection(ProjectConfigurationPlatforms) = postSolution
		{887CC8DA-C63C-4A1C-BB4E-52F923C264B9}.Debug|Any CPU.ActiveCfg = Debug|Any CPU
		{887CC8DA-C63C-4A1C-BB4E-52F923C264B9}.Debug|Any CPU.Build.0 = Debug|Any CPU
		{887CC8DA-C63C-4A1C-BB4E-52F923C264B9}.Release|Any CPU.ActiveCfg = Release|Any CPU
		{887CC8DA-C63C-4A1C-BB4E-52F923C264B9}.Release|Any CPU.Build.0 = Release|Any CPU
		{2BC57E5D-6269-4583-8DE3-D8C95EAB92F6}.Debug|Any CPU.ActiveCfg = Debug|Any CPU
		{2BC57E5D-6269-4583-8DE3-D8C95EAB92F6}.Debug|Any CPU.Build.0 = Debug|Any CPU
		{2BC57E5D-6269-4583-8DE3-D8C95EAB92F6}.Release|Any CPU.ActiveCfg = Release|Any CPU
		{2BC57E5D-6269-4583-8DE3-D8C95EAB92F6}.Release|Any CPU.Build.0 = Release|Any CPU
		{39DC3165-09AA-4251-9831-55F0F59D0AD2}.Debug|Any CPU.ActiveCfg = Debug|Any CPU
		{39DC3165-09AA-4251-9831-55F0F59D0AD2}.Debug|Any CPU.Build.0 = Debug|Any CPU
		{39DC3165-09AA-4251-9831-55F0F59D0AD2}.Release|Any CPU.ActiveCfg = Release|Any CPU
		{39DC3165-09AA-4251-9831-55F0F59D0AD2}.Release|Any CPU.Build.0 = Release|Any CPU
		{CA4C0BF3-B03F-4386-AA73-40EBAEB09E7C}.Debug|Any CPU.ActiveCfg = Debug|Any CPU
		{CA4C0BF3-B03F-4386-AA73-40EBAEB09E7C}.Debug|Any CPU.Build.0 = Debug|Any CPU
		{CA4C0BF3-B03F-4386-AA73-40EBAEB09E7C}.Release|Any CPU.ActiveCfg = Release|Any CPU
		{CA4C0BF3-B03F-4386-AA73-40EBAEB09E7C}.Release|Any CPU.Build.0 = Release|Any CPU
		{455D7710-CD63-4E2E-8264-98A900D796FC}.Debug|Any CPU.ActiveCfg = Debug|Any CPU
		{455D7710-CD63-4E2E-8264-98A900D796FC}.Debug|Any CPU.Build.0 = Debug|Any CPU
		{455D7710-CD63-4E2E-8264-98A900D796FC}.Release|Any CPU.ActiveCfg = Release|Any CPU
		{455D7710-CD63-4E2E-8264-98A900D796FC}.Release|Any CPU.Build.0 = Release|Any CPU
		{D1DF0AD5-0664-4F32-A85D-9BF2D0B461EE}.Debug|Any CPU.ActiveCfg = Debug|Any CPU
		{D1DF0AD5-0664-4F32-A85D-9BF2D0B461EE}.Debug|Any CPU.Build.0 = Debug|Any CPU
		{D1DF0AD5-0664-4F32-A85D-9BF2D0B461EE}.Release|Any CPU.ActiveCfg = Release|Any CPU
		{D1DF0AD5-0664-4F32-A85D-9BF2D0B461EE}.Release|Any CPU.Build.0 = Release|Any CPU
		{C68B5D5C-8855-4794-B21E-764453953DC0}.Debug|Any CPU.ActiveCfg = Debug|Any CPU
		{C68B5D5C-8855-4794-B21E-764453953DC0}.Debug|Any CPU.Build.0 = Debug|Any CPU
		{C68B5D5C-8855-4794-B21E-764453953DC0}.Release|Any CPU.ActiveCfg = Release|Any CPU
		{C68B5D5C-8855-4794-B21E-764453953DC0}.Release|Any CPU.Build.0 = Release|Any CPU
		{C0D6EE1E-D7EA-439E-BC01-101475369B30}.Debug|Any CPU.ActiveCfg = Debug|Any CPU
		{C0D6EE1E-D7EA-439E-BC01-101475369B30}.Debug|Any CPU.Build.0 = Debug|Any CPU
		{C0D6EE1E-D7EA-439E-BC01-101475369B30}.Release|Any CPU.ActiveCfg = Release|Any CPU
		{C0D6EE1E-D7EA-439E-BC01-101475369B30}.Release|Any CPU.Build.0 = Release|Any CPU
		{FFB24374-D85C-40A9-8470-1312C66122DC}.Debug|Any CPU.ActiveCfg = Debug|Any CPU
		{FFB24374-D85C-40A9-8470-1312C66122DC}.Debug|Any CPU.Build.0 = Debug|Any CPU
		{FFB24374-D85C-40A9-8470-1312C66122DC}.Release|Any CPU.ActiveCfg = Release|Any CPU
		{FFB24374-D85C-40A9-8470-1312C66122DC}.Release|Any CPU.Build.0 = Release|Any CPU
		{560A6BDB-4539-47F3-AC33-B42DBBDD39AF}.Debug|Any CPU.ActiveCfg = Debug|Any CPU
		{560A6BDB-4539-47F3-AC33-B42DBBDD39AF}.Debug|Any CPU.Build.0 = Debug|Any CPU
		{560A6BDB-4539-47F3-AC33-B42DBBDD39AF}.Release|Any CPU.ActiveCfg = Release|Any CPU
		{560A6BDB-4539-47F3-AC33-B42DBBDD39AF}.Release|Any CPU.Build.0 = Release|Any CPU
		{3DCF9111-4F46-473A-B69C-63960324F4C1}.Debug|Any CPU.ActiveCfg = Debug|Any CPU
		{3DCF9111-4F46-473A-B69C-63960324F4C1}.Debug|Any CPU.Build.0 = Debug|Any CPU
		{3DCF9111-4F46-473A-B69C-63960324F4C1}.Release|Any CPU.ActiveCfg = Release|Any CPU
		{3DCF9111-4F46-473A-B69C-63960324F4C1}.Release|Any CPU.Build.0 = Release|Any CPU
		{FE9AD7C9-F618-4BB9-BFBC-86D35548B143}.Debug|Any CPU.ActiveCfg = Debug|Any CPU
		{FE9AD7C9-F618-4BB9-BFBC-86D35548B143}.Debug|Any CPU.Build.0 = Debug|Any CPU
		{FE9AD7C9-F618-4BB9-BFBC-86D35548B143}.Release|Any CPU.ActiveCfg = Release|Any CPU
		{FE9AD7C9-F618-4BB9-BFBC-86D35548B143}.Release|Any CPU.Build.0 = Release|Any CPU
	EndGlobalSection
	GlobalSection(SolutionProperties) = preSolution
		HideSolutionNode = FALSE
	EndGlobalSection
	GlobalSection(ExtensibilityGlobals) = postSolution
		SolutionGuid = {FD9009D4-72EF-49B5-93A3-D58C6140AACE}
	EndGlobalSection
EndGlobal
