
Microsoft Visual Studio Solution File, Format Version 12.00
# Visual Studio 15
VisualStudioVersion = 15.0.28307.489
MinimumVisualStudioVersion = 10.0.40219.1
Project("{FAE04EC0-301F-11D3-BF4B-00C04F79EFBC}") = "01. Fractional Knapsack", "01. Fractional Knapsack\01. Fractional Knapsack.csproj", "{9FB72079-22F9-4A08-8466-7EB2DB5D13D5}"
EndProject
Project("{FAE04EC0-301F-11D3-BF4B-00C04F79EFBC}") = "02. Processor Scheduling", "02. Processor Scheduling\02. Processor Scheduling.csproj", "{556CC197-E325-47D2-8944-4EBE8AF9AC1E}"
EndProject
Project("{FAE04EC0-301F-11D3-BF4B-00C04F79EFBC}") = "03. Knight's Tour", "03. Knight's Tour\03. Knight's Tour.csproj", "{66CE5EBD-56EC-4F70-94CD-45516076A4DB}"
EndProject
Project("{FAE04EC0-301F-11D3-BF4B-00C04F79EFBC}") = "04. Best Lectures Schedule", "04. Best Lectures Schedule\04. Best Lectures Schedule.csproj", "{056BFDF2-B660-4B12-9DF0-76037D802B6D}"
EndProject
Project("{FAE04EC0-301F-11D3-BF4B-00C04F79EFBC}") = "05. Egyptian Fractions", "05. Egyptian Fractions\05. Egyptian Fractions.csproj", "{03695057-4709-4ED8-BDEF-0030925AA051}"
EndProject
Global
	GlobalSection(SolutionConfigurationPlatforms) = preSolution
		Debug|Any CPU = Debug|Any CPU
		Release|Any CPU = Release|Any CPU
	EndGlobalSection
	GlobalSection(ProjectConfigurationPlatforms) = postSolution
		{9FB72079-22F9-4A08-8466-7EB2DB5D13D5}.Debug|Any CPU.ActiveCfg = Debug|Any CPU
		{9FB72079-22F9-4A08-8466-7EB2DB5D13D5}.Debug|Any CPU.Build.0 = Debug|Any CPU
		{9FB72079-22F9-4A08-8466-7EB2DB5D13D5}.Release|Any CPU.ActiveCfg = Release|Any CPU
		{9FB72079-22F9-4A08-8466-7EB2DB5D13D5}.Release|Any CPU.Build.0 = Release|Any CPU
		{556CC197-E325-47D2-8944-4EBE8AF9AC1E}.Debug|Any CPU.ActiveCfg = Debug|Any CPU
		{556CC197-E325-47D2-8944-4EBE8AF9AC1E}.Debug|Any CPU.Build.0 = Debug|Any CPU
		{556CC197-E325-47D2-8944-4EBE8AF9AC1E}.Release|Any CPU.ActiveCfg = Release|Any CPU
		{556CC197-E325-47D2-8944-4EBE8AF9AC1E}.Release|Any CPU.Build.0 = Release|Any CPU
		{66CE5EBD-56EC-4F70-94CD-45516076A4DB}.Debug|Any CPU.ActiveCfg = Debug|Any CPU
		{66CE5EBD-56EC-4F70-94CD-45516076A4DB}.Debug|Any CPU.Build.0 = Debug|Any CPU
		{66CE5EBD-56EC-4F70-94CD-45516076A4DB}.Release|Any CPU.ActiveCfg = Release|Any CPU
		{66CE5EBD-56EC-4F70-94CD-45516076A4DB}.Release|Any CPU.Build.0 = Release|Any CPU
		{056BFDF2-B660-4B12-9DF0-76037D802B6D}.Debug|Any CPU.ActiveCfg = Debug|Any CPU
		{056BFDF2-B660-4B12-9DF0-76037D802B6D}.Debug|Any CPU.Build.0 = Debug|Any CPU
		{056BFDF2-B660-4B12-9DF0-76037D802B6D}.Release|Any CPU.ActiveCfg = Release|Any CPU
		{056BFDF2-B660-4B12-9DF0-76037D802B6D}.Release|Any CPU.Build.0 = Release|Any CPU
		{03695057-4709-4ED8-BDEF-0030925AA051}.Debug|Any CPU.ActiveCfg = Debug|Any CPU
		{03695057-4709-4ED8-BDEF-0030925AA051}.Debug|Any CPU.Build.0 = Debug|Any CPU
		{03695057-4709-4ED8-BDEF-0030925AA051}.Release|Any CPU.ActiveCfg = Release|Any CPU
		{03695057-4709-4ED8-BDEF-0030925AA051}.Release|Any CPU.Build.0 = Release|Any CPU
	EndGlobalSection
	GlobalSection(SolutionProperties) = preSolution
		HideSolutionNode = FALSE
	EndGlobalSection
	GlobalSection(ExtensibilityGlobals) = postSolution
		SolutionGuid = {F1FEE050-312D-4819-9C62-70B2DB2D7083}
	EndGlobalSection
EndGlobal
