
Microsoft Visual Studio Solution File, Format Version 12.00
# Visual Studio Version 16
VisualStudioVersion = 16.0.28803.352
MinimumVisualStudioVersion = 10.0.40219.1
Project("{FAE04EC0-301F-11D3-BF4B-00C04F79EFBC}") = "02. Fast and Furious", "02. Fast and Furious\02. Fast and Furious.csproj", "{AB3D706E-7DE8-4722-A690-1364334D7A05}"
EndProject
Project("{FAE04EC0-301F-11D3-BF4B-00C04F79EFBC}") = "01. Shelter", "01. Shelter\01. Shelter.csproj", "{7C9EF952-0C4A-418E-8BF0-3468C39CB020}"
EndProject
Project("{FAE04EC0-301F-11D3-BF4B-00C04F79EFBC}") = "03. Renewal", "03. Renewal\03. Renewal.csproj", "{15304B76-B424-418B-8F23-4EC29DF50C43}"
EndProject
Global
	GlobalSection(SolutionConfigurationPlatforms) = preSolution
		Debug|Any CPU = Debug|Any CPU
		Release|Any CPU = Release|Any CPU
	EndGlobalSection
	GlobalSection(ProjectConfigurationPlatforms) = postSolution
		{AB3D706E-7DE8-4722-A690-1364334D7A05}.Debug|Any CPU.ActiveCfg = Debug|Any CPU
		{AB3D706E-7DE8-4722-A690-1364334D7A05}.Debug|Any CPU.Build.0 = Debug|Any CPU
		{AB3D706E-7DE8-4722-A690-1364334D7A05}.Release|Any CPU.ActiveCfg = Release|Any CPU
		{AB3D706E-7DE8-4722-A690-1364334D7A05}.Release|Any CPU.Build.0 = Release|Any CPU
		{7C9EF952-0C4A-418E-8BF0-3468C39CB020}.Debug|Any CPU.ActiveCfg = Debug|Any CPU
		{7C9EF952-0C4A-418E-8BF0-3468C39CB020}.Debug|Any CPU.Build.0 = Debug|Any CPU
		{7C9EF952-0C4A-418E-8BF0-3468C39CB020}.Release|Any CPU.ActiveCfg = Release|Any CPU
		{7C9EF952-0C4A-418E-8BF0-3468C39CB020}.Release|Any CPU.Build.0 = Release|Any CPU
		{15304B76-B424-418B-8F23-4EC29DF50C43}.Debug|Any CPU.ActiveCfg = Debug|Any CPU
		{15304B76-B424-418B-8F23-4EC29DF50C43}.Debug|Any CPU.Build.0 = Debug|Any CPU
		{15304B76-B424-418B-8F23-4EC29DF50C43}.Release|Any CPU.ActiveCfg = Release|Any CPU
		{15304B76-B424-418B-8F23-4EC29DF50C43}.Release|Any CPU.Build.0 = Release|Any CPU
	EndGlobalSection
	GlobalSection(SolutionProperties) = preSolution
		HideSolutionNode = FALSE
	EndGlobalSection
	GlobalSection(ExtensibilityGlobals) = postSolution
		SolutionGuid = {0619B537-8F86-496D-81B3-520E0C46F2FA}
	EndGlobalSection
EndGlobal
